
Microsoft Visual Studio Solution File, Format Version 12.00
# Visual Studio Version 16
VisualStudioVersion = 16.0.29806.167
MinimumVisualStudioVersion = 10.0.40219.1
Project("{FAE04EC0-301F-11D3-BF4B-00C04F79EFBC}") = "Laba1", "Laba1\Laba1.csproj", "{6C191090-E703-4C34-BC46-B116706B3058}"
EndProject
Project("{FAE04EC0-301F-11D3-BF4B-00C04F79EFBC}") = "Laba1test", "Laba1test\Laba1test.csproj", "{0D7622C7-97FD-4B04-B278-2DF5FEE66E99}"
EndProject
Global
	GlobalSection(SolutionConfigurationPlatforms) = preSolution
		Debug|Any CPU = Debug|Any CPU
		Release|Any CPU = Release|Any CPU
	EndGlobalSection
	GlobalSection(ProjectConfigurationPlatforms) = postSolution
		{6C191090-E703-4C34-BC46-B116706B3058}.Debug|Any CPU.ActiveCfg = Debug|Any CPU
		{6C191090-E703-4C34-BC46-B116706B3058}.Debug|Any CPU.Build.0 = Debug|Any CPU
		{6C191090-E703-4C34-BC46-B116706B3058}.Release|Any CPU.ActiveCfg = Release|Any CPU
		{6C191090-E703-4C34-BC46-B116706B3058}.Release|Any CPU.Build.0 = Release|Any CPU
		{0D7622C7-97FD-4B04-B278-2DF5FEE66E99}.Debug|Any CPU.ActiveCfg = Debug|Any CPU
		{0D7622C7-97FD-4B04-B278-2DF5FEE66E99}.Debug|Any CPU.Build.0 = Debug|Any CPU
		{0D7622C7-97FD-4B04-B278-2DF5FEE66E99}.Release|Any CPU.ActiveCfg = Release|Any CPU
		{0D7622C7-97FD-4B04-B278-2DF5FEE66E99}.Release|Any CPU.Build.0 = Release|Any CPU
	EndGlobalSection
	GlobalSection(SolutionProperties) = preSolution
		HideSolutionNode = FALSE
	EndGlobalSection
	GlobalSection(ExtensibilityGlobals) = postSolution
		SolutionGuid = {F68C8764-ADBE-4FBF-92B5-E25FA35C5E66}
	EndGlobalSection
EndGlobal
